
Microsoft Visual Studio Solution File, Format Version 12.00
# Visual Studio Version 17
VisualStudioVersion = 17.2.32630.192
MinimumVisualStudioVersion = 10.0.40219.1
Project("{FAE04EC0-301F-11D3-BF4B-00C04F79EFBC}") = "WSWMS_TEST", "WSWMS_TEST\WSWMS_TEST.csproj", "{1F8AB87B-0E99-4C97-A89C-EEDDED6AE5CA}"
EndProject
Global
	GlobalSection(SolutionConfigurationPlatforms) = preSolution
		Debug|Any CPU = Debug|Any CPU
		Release|Any CPU = Release|Any CPU
	EndGlobalSection
	GlobalSection(ProjectConfigurationPlatforms) = postSolution
		{1F8AB87B-0E99-4C97-A89C-EEDDED6AE5CA}.Debug|Any CPU.ActiveCfg = Debug|Any CPU
		{1F8AB87B-0E99-4C97-A89C-EEDDED6AE5CA}.Debug|Any CPU.Build.0 = Debug|Any CPU
		{1F8AB87B-0E99-4C97-A89C-EEDDED6AE5CA}.Release|Any CPU.ActiveCfg = Release|Any CPU
		{1F8AB87B-0E99-4C97-A89C-EEDDED6AE5CA}.Release|Any CPU.Build.0 = Release|Any CPU
	EndGlobalSection
	GlobalSection(SolutionProperties) = preSolution
		HideSolutionNode = FALSE
	EndGlobalSection
	GlobalSection(ExtensibilityGlobals) = postSolution
		SolutionGuid = {57EADC25-8E9E-4BA8-992A-B91A8C643588}
	EndGlobalSection
EndGlobal
